
Microsoft Visual Studio Solution File, Format Version 12.00
# Visual Studio 15
VisualStudioVersion = 15.0.27703.2026
MinimumVisualStudioVersion = 10.0.40219.1
Project("{888888A0-9F3D-457C-B088-3A5042F75D52}") = "DialogCreator", "DialogCreator\DialogCreator.pyproj", "{90801FBF-9C41-41F2-A1F4-FD1782AC4E40}"
EndProject
Global
	GlobalSection(SolutionConfigurationPlatforms) = preSolution
		Debug|Any CPU = Debug|Any CPU
		Release|Any CPU = Release|Any CPU
	EndGlobalSection
	GlobalSection(ProjectConfigurationPlatforms) = postSolution
		{90801FBF-9C41-41F2-A1F4-FD1782AC4E40}.Debug|Any CPU.ActiveCfg = Debug|Any CPU
		{90801FBF-9C41-41F2-A1F4-FD1782AC4E40}.Release|Any CPU.ActiveCfg = Release|Any CPU
	EndGlobalSection
	GlobalSection(SolutionProperties) = preSolution
		HideSolutionNode = FALSE
	EndGlobalSection
	GlobalSection(ExtensibilityGlobals) = postSolution
		SolutionGuid = {66027EEE-CCEB-4C67-995E-DFD3E41AE483}
	EndGlobalSection
EndGlobal
